
Microsoft Visual Studio Solution File, Format Version 12.00
# Visual Studio Version 17
VisualStudioVersion = 17.6.33712.159
MinimumVisualStudioVersion = 10.0.40219.1
Project("{FAE04EC0-301F-11D3-BF4B-00C04F79EFBC}") = "Calculadora", "Calculadora\Calculadora.csproj", "{DC426968-4CC3-4D8A-B429-A2BCF3C2B16C}"
EndProject
Global
	GlobalSection(SolutionConfigurationPlatforms) = preSolution
		Debug|Any CPU = Debug|Any CPU
		Release|Any CPU = Release|Any CPU
	EndGlobalSection
	GlobalSection(ProjectConfigurationPlatforms) = postSolution
		{DC426968-4CC3-4D8A-B429-A2BCF3C2B16C}.Debug|Any CPU.ActiveCfg = Debug|Any CPU
		{DC426968-4CC3-4D8A-B429-A2BCF3C2B16C}.Debug|Any CPU.Build.0 = Debug|Any CPU
		{DC426968-4CC3-4D8A-B429-A2BCF3C2B16C}.Release|Any CPU.ActiveCfg = Release|Any CPU
		{DC426968-4CC3-4D8A-B429-A2BCF3C2B16C}.Release|Any CPU.Build.0 = Release|Any CPU
	EndGlobalSection
	GlobalSection(SolutionProperties) = preSolution
		HideSolutionNode = FALSE
	EndGlobalSection
	GlobalSection(ExtensibilityGlobals) = postSolution
		SolutionGuid = {227157B2-9D05-49FD-8CC2-49757E973B79}
	EndGlobalSection
EndGlobal
